
Microsoft Visual Studio Solution File, Format Version 12.00
# Visual Studio 15
VisualStudioVersion = 15.0.28010.2003
MinimumVisualStudioVersion = 10.0.40219.1
Project("{9A19103F-16F7-4668-BE54-9A1E7A4F7556}") = "ILOffsetIssue", "ILOffsetIssue.csproj", "{3FBE5FC5-AC07-46D9-880E-D3FDA84E82A9}"
EndProject
Global
	GlobalSection(SolutionConfigurationPlatforms) = preSolution
		Debug|Any CPU = Debug|Any CPU
		Release|Any CPU = Release|Any CPU
	EndGlobalSection
	GlobalSection(ProjectConfigurationPlatforms) = postSolution
		{3FBE5FC5-AC07-46D9-880E-D3FDA84E82A9}.Debug|Any CPU.ActiveCfg = Debug|Any CPU
		{3FBE5FC5-AC07-46D9-880E-D3FDA84E82A9}.Debug|Any CPU.Build.0 = Debug|Any CPU
		{3FBE5FC5-AC07-46D9-880E-D3FDA84E82A9}.Release|Any CPU.ActiveCfg = Release|Any CPU
		{3FBE5FC5-AC07-46D9-880E-D3FDA84E82A9}.Release|Any CPU.Build.0 = Release|Any CPU
	EndGlobalSection
	GlobalSection(SolutionProperties) = preSolution
		HideSolutionNode = FALSE
	EndGlobalSection
	GlobalSection(ExtensibilityGlobals) = postSolution
		SolutionGuid = {E09C79E6-4040-4902-BAC9-DD5657D24A72}
	EndGlobalSection
EndGlobal
